
Microsoft Visual Studio Solution File, Format Version 12.00
# Visual Studio Version 17
VisualStudioVersion = 17.12.35527.113
MinimumVisualStudioVersion = 10.0.40219.1
Project("{FAE04EC0-301F-11D3-BF4B-00C04F79EFBC}") = "Airlines_Kazakov", "Airlines_Kazakov.csproj", "{73F5C0C4-0299-457F-98E1-ED45EFDB89FB}"
EndProject
Project("{FAE04EC0-301F-11D3-BF4B-00C04F79EFBC}") = "WorkingBD", "..\WorkingBD\WorkingBD.csproj", "{9B5AAF83-3E59-47DB-ADB3-578A17EEF965}"
EndProject
Global
	GlobalSection(SolutionConfigurationPlatforms) = preSolution
		Debug|Any CPU = Debug|Any CPU
		Release|Any CPU = Release|Any CPU
	EndGlobalSection
	GlobalSection(ProjectConfigurationPlatforms) = postSolution
		{73F5C0C4-0299-457F-98E1-ED45EFDB89FB}.Debug|Any CPU.ActiveCfg = Debug|Any CPU
		{73F5C0C4-0299-457F-98E1-ED45EFDB89FB}.Debug|Any CPU.Build.0 = Debug|Any CPU
		{73F5C0C4-0299-457F-98E1-ED45EFDB89FB}.Release|Any CPU.ActiveCfg = Release|Any CPU
		{73F5C0C4-0299-457F-98E1-ED45EFDB89FB}.Release|Any CPU.Build.0 = Release|Any CPU
		{9B5AAF83-3E59-47DB-ADB3-578A17EEF965}.Debug|Any CPU.ActiveCfg = Debug|Any CPU
		{9B5AAF83-3E59-47DB-ADB3-578A17EEF965}.Debug|Any CPU.Build.0 = Debug|Any CPU
		{9B5AAF83-3E59-47DB-ADB3-578A17EEF965}.Release|Any CPU.ActiveCfg = Release|Any CPU
		{9B5AAF83-3E59-47DB-ADB3-578A17EEF965}.Release|Any CPU.Build.0 = Release|Any CPU
	EndGlobalSection
	GlobalSection(SolutionProperties) = preSolution
		HideSolutionNode = FALSE
	EndGlobalSection
	GlobalSection(ExtensibilityGlobals) = postSolution
		SolutionGuid = {3817D5BF-448D-4198-A892-F03B52AA2A1C}
	EndGlobalSection
EndGlobal
